// !$*UTF8*$!
{
	archiveVersion = 1;
	classes = {
	};
	objectVersion = 50;
	objects = {

/* Begin PBXBuildFile section */
		0A1AB1F9226D2724006C17E8 /* pang.cpp in Sources */ = {isa = PBXBuildFile; fileRef = 0A1AB1F8226D2724006C17E8 /* pang.cpp */; };
		0A1AB205226D4ECC006C17E8 /* libsfml-graphics.2.5.1.dylib in Frameworks */ = {isa = PBXBuildFile; fileRef = 0A1AB200226D4ECC006C17E8 /* libsfml-graphics.2.5.1.dylib */; };
		0A1AB206226D4ECC006C17E8 /* libsfml-network.2.5.1.dylib in Frameworks */ = {isa = PBXBuildFile; fileRef = 0A1AB201226D4ECC006C17E8 /* libsfml-network.2.5.1.dylib */; };
		0A1AB207226D4ECC006C17E8 /* libsfml-system.2.5.1.dylib in Frameworks */ = {isa = PBXBuildFile; fileRef = 0A1AB202226D4ECC006C17E8 /* libsfml-system.2.5.1.dylib */; };
		0A1AB208226D4ECC006C17E8 /* libsfml-audio.2.5.1.dylib in Frameworks */ = {isa = PBXBuildFile; fileRef = 0A1AB203226D4ECC006C17E8 /* libsfml-audio.2.5.1.dylib */; };
		0A1AB209226D4ECC006C17E8 /* libsfml-window.2.5.1.dylib in Frameworks */ = {isa = PBXBuildFile; fileRef = 0A1AB204226D4ECC006C17E8 /* libsfml-window.2.5.1.dylib */; };
/* End PBXBuildFile section */

/* Begin PBXCopyFilesBuildPhase section */
		0A1AB1F3226D2724006C17E8 /* CopyFiles */ = {
			isa = PBXCopyFilesBuildPhase;
			buildActionMask = 2147483647;
			dstPath = /usr/share/man/man1/;
			dstSubfolderSpec = 0;
			files = (
			);
			runOnlyForDeploymentPostprocessing = 1;
		};
/* End PBXCopyFilesBuildPhase section */

/* Begin PBXFileReference section */
		0A1AB1F5226D2724006C17E8 /* Timber */ = {isa = PBXFileReference; explicitFileType = "compiled.mach-o.executable"; includeInIndex = 0; path = Timber; sourceTree = BUILT_PRODUCTS_DIR; };
		0A1AB1F8226D2724006C17E8 /* pang.cpp */ = {isa = PBXFileReference; lastKnownFileType = sourcecode.cpp.cpp; path = pang.cpp; sourceTree = "<group>"; };
		0A1AB200226D4ECC006C17E8 /* libsfml-graphics.2.5.1.dylib */ = {isa = PBXFileReference; lastKnownFileType = "compiled.mach-o.dylib"; name = "libsfml-graphics.2.5.1.dylib"; path = "ExternalLibraries/SFML/lib/libsfml-graphics.2.5.1.dylib"; sourceTree = "<group>"; };
		0A1AB201226D4ECC006C17E8 /* libsfml-network.2.5.1.dylib */ = {isa = PBXFileReference; lastKnownFileType = "compiled.mach-o.dylib"; name = "libsfml-network.2.5.1.dylib"; path = "ExternalLibraries/SFML/lib/libsfml-network.2.5.1.dylib"; sourceTree = "<group>"; };
		0A1AB202226D4ECC006C17E8 /* libsfml-system.2.5.1.dylib */ = {isa = PBXFileReference; lastKnownFileType = "compiled.mach-o.dylib"; name = "libsfml-system.2.5.1.dylib"; path = "ExternalLibraries/SFML/lib/libsfml-system.2.5.1.dylib"; sourceTree = "<group>"; };
		0A1AB203226D4ECC006C17E8 /* libsfml-audio.2.5.1.dylib */ = {isa = PBXFileReference; lastKnownFileType = "compiled.mach-o.dylib"; name = "libsfml-audio.2.5.1.dylib"; path = "ExternalLibraries/SFML/lib/libsfml-audio.2.5.1.dylib"; sourceTree = "<group>"; };
		0A1AB204226D4ECC006C17E8 /* libsfml-window.2.5.1.dylib */ = {isa = PBXFileReference; lastKnownFileType = "compiled.mach-o.dylib"; name = "libsfml-window.2.5.1.dylib"; path = "ExternalLibraries/SFML/lib/libsfml-window.2.5.1.dylib"; sourceTree = "<group>"; };
		0A1AB20C226D4F1B006C17E8 /* KOMIKAP_.ttf */ = {isa = PBXFileReference; lastKnownFileType = file; path = KOMIKAP_.ttf; sourceTree = "<group>"; };
		0A1AB20E226D4F31006C17E8 /* rip.png */ = {isa = PBXFileReference; lastKnownFileType = image.png; path = rip.png; sourceTree = "<group>"; };
		0A1AB20F226D4F31006C17E8 /* tree2.png */ = {isa = PBXFileReference; lastKnownFileType = image.png; path = tree2.png; sourceTree = "<group>"; };
		0A1AB210226D4F31006C17E8 /* cloud.png */ = {isa = PBXFileReference; lastKnownFileType = image.png; path = cloud.png; sourceTree = "<group>"; };
		0A1AB211226D4F32006C17E8 /* background.png */ = {isa = PBXFileReference; lastKnownFileType = image.png; path = background.png; sourceTree = "<group>"; };
		0A1AB212226D4F32006C17E8 /* log.png */ = {isa = PBXFileReference; lastKnownFileType = image.png; path = log.png; sourceTree = "<group>"; };
		0A1AB213226D4F33006C17E8 /* branch.png */ = {isa = PBXFileReference; lastKnownFileType = image.png; path = branch.png; sourceTree = "<group>"; };
		0A1AB214226D4F33006C17E8 /* tree.png */ = {isa = PBXFileReference; lastKnownFileType = image.png; path = tree.png; sourceTree = "<group>"; };
		0A1AB215226D4F34006C17E8 /* axe.png */ = {isa = PBXFileReference; lastKnownFileType = image.png; path = axe.png; sourceTree = "<group>"; };
		0A1AB216226D4F34006C17E8 /* player.png */ = {isa = PBXFileReference; lastKnownFileType = image.png; path = player.png; sourceTree = "<group>"; };
		0A1AB217226D4F34006C17E8 /* background-1280-720.png */ = {isa = PBXFileReference; lastKnownFileType = image.png; path = "background-1280-720.png"; sourceTree = "<group>"; };
		0A1AB218226D4F35006C17E8 /* bee.png */ = {isa = PBXFileReference; lastKnownFileType = image.png; path = bee.png; sourceTree = "<group>"; };
		0A1AB21A226D4F59006C17E8 /* chop.wav */ = {isa = PBXFileReference; lastKnownFileType = audio.wav; path = chop.wav; sourceTree = "<group>"; };
		0A1AB21B226D4F5A006C17E8 /* death.wav */ = {isa = PBXFileReference; lastKnownFileType = audio.wav; path = death.wav; sourceTree = "<group>"; };
		0A1AB21C226D4F5A006C17E8 /* out_of_time.wav */ = {isa = PBXFileReference; lastKnownFileType = audio.wav; path = out_of_time.wav; sourceTree = "<group>"; };
/* End PBXFileReference section */

/* Begin PBXFrameworksBuildPhase section */
		0A1AB1F2226D2724006C17E8 /* Frameworks */ = {
			isa = PBXFrameworksBuildPhase;
			buildActionMask = 2147483647;
			files = (
				0A1AB205226D4ECC006C17E8 /* libsfml-graphics.2.5.1.dylib in Frameworks */,
				0A1AB206226D4ECC006C17E8 /* libsfml-network.2.5.1.dylib in Frameworks */,
				0A1AB207226D4ECC006C17E8 /* libsfml-system.2.5.1.dylib in Frameworks */,
				0A1AB208226D4ECC006C17E8 /* libsfml-audio.2.5.1.dylib in Frameworks */,
				0A1AB209226D4ECC006C17E8 /* libsfml-window.2.5.1.dylib in Frameworks */,
			);
			runOnlyForDeploymentPostprocessing = 0;
		};
/* End PBXFrameworksBuildPhase section */

/* Begin PBXGroup section */
		0A1AB1EC226D2724006C17E8 = {
			isa = PBXGroup;
			children = (
				0A1AB1F7226D2724006C17E8 /* Timber */,
				0A1AB1F6226D2724006C17E8 /* Products */,
				0A1AB1FF226D4ECB006C17E8 /* Frameworks */,
			);
			sourceTree = "<group>";
		};
		0A1AB1F6226D2724006C17E8 /* Products */ = {
			isa = PBXGroup;
			children = (
				0A1AB1F5226D2724006C17E8 /* Timber */,
			);
			name = Products;
			sourceTree = "<group>";
		};
		0A1AB1F7226D2724006C17E8 /* Timber */ = {
			isa = PBXGroup;
			children = (
				0A1AB219226D4F4B006C17E8 /* sounds */,
				0A1AB20D226D4F26006C17E8 /* graphics */,
				0A1AB20B226D4F0D006C17E8 /* fonts */,
				0A1AB20A226D4EFB006C17E8 /* src */,
			);
			path = Timber;
			sourceTree = "<group>";
		};
		0A1AB1FF226D4ECB006C17E8 /* Frameworks */ = {
			isa = PBXGroup;
			children = (
				0A1AB203226D4ECC006C17E8 /* libsfml-audio.2.5.1.dylib */,
				0A1AB200226D4ECC006C17E8 /* libsfml-graphics.2.5.1.dylib */,
				0A1AB201226D4ECC006C17E8 /* libsfml-network.2.5.1.dylib */,
				0A1AB202226D4ECC006C17E8 /* libsfml-system.2.5.1.dylib */,
				0A1AB204226D4ECC006C17E8 /* libsfml-window.2.5.1.dylib */,
			);
			name = Frameworks;
			sourceTree = "<group>";
		};
		0A1AB20A226D4EFB006C17E8 /* src */ = {
			isa = PBXGroup;
			children = (
				0A1AB1F8226D2724006C17E8 /* pang.cpp */,
			);
			path = src;
			sourceTree = "<group>";
		};
		0A1AB20B226D4F0D006C17E8 /* fonts */ = {
			isa = PBXGroup;
			children = (
				0A1AB20C226D4F1B006C17E8 /* KOMIKAP_.ttf */,
			);
			path = fonts;
			sourceTree = "<group>";
		};
		0A1AB20D226D4F26006C17E8 /* graphics */ = {
			isa = PBXGroup;
			children = (
				0A1AB215226D4F34006C17E8 /* axe.png */,
				0A1AB217226D4F34006C17E8 /* background-1280-720.png */,
				0A1AB211226D4F32006C17E8 /* background.png */,
				0A1AB218226D4F35006C17E8 /* bee.png */,
				0A1AB213226D4F33006C17E8 /* branch.png */,
				0A1AB210226D4F31006C17E8 /* cloud.png */,
				0A1AB212226D4F32006C17E8 /* log.png */,
				0A1AB216226D4F34006C17E8 /* player.png */,
				0A1AB20E226D4F31006C17E8 /* rip.png */,
				0A1AB214226D4F33006C17E8 /* tree.png */,
				0A1AB20F226D4F31006C17E8 /* tree2.png */,
			);
			path = graphics;
			sourceTree = "<group>";
		};
		0A1AB219226D4F4B006C17E8 /* sounds */ = {
			isa = PBXGroup;
			children = (
				0A1AB21A226D4F59006C17E8 /* chop.wav */,
				0A1AB21B226D4F5A006C17E8 /* death.wav */,
				0A1AB21C226D4F5A006C17E8 /* out_of_time.wav */,
			);
			path = sounds;
			sourceTree = "<group>";
		};
/* End PBXGroup section */

/* Begin PBXNativeTarget section */
		0A1AB1F4226D2724006C17E8 /* Timber */ = {
			isa = PBXNativeTarget;
			buildConfigurationList = 0A1AB1FC226D2724006C17E8 /* Build configuration list for PBXNativeTarget "Timber" */;
			buildPhases = (
				0A1AB1F1226D2724006C17E8 /* Sources */,
				0A1AB1F2226D2724006C17E8 /* Frameworks */,
				0A1AB1F3226D2724006C17E8 /* CopyFiles */,
			);
			buildRules = (
			);
			dependencies = (
			);
			name = Timber;
			productName = Timber;
			productReference = 0A1AB1F5226D2724006C17E8 /* Timber */;
			productType = "com.apple.product-type.tool";
		};
/* End PBXNativeTarget section */

/* Begin PBXProject section */
		0A1AB1ED226D2724006C17E8 /* Project object */ = {
			isa = PBXProject;
			attributes = {
				LastUpgradeCheck = 1010;
				ORGANIZATIONNAME = "Dung Nguyen";
				TargetAttributes = {
					0A1AB1F4226D2724006C17E8 = {
						CreatedOnToolsVersion = 10.1;
					};
				};
			};
			buildConfigurationList = 0A1AB1F0226D2724006C17E8 /* Build configuration list for PBXProject "Timber" */;
			compatibilityVersion = "Xcode 9.3";
			developmentRegion = en;
			hasScannedForEncodings = 0;
			knownRegions = (
				en,
			);
			mainGroup = 0A1AB1EC226D2724006C17E8;
			productRefGroup = 0A1AB1F6226D2724006C17E8 /* Products */;
			projectDirPath = "";
			projectRoot = "";
			targets = (
				0A1AB1F4226D2724006C17E8 /* Timber */,
			);
		};
/* End PBXProject section */

/* Begin PBXSourcesBuildPhase section */
		0A1AB1F1226D2724006C17E8 /* Sources */ = {
			isa = PBXSourcesBuildPhase;
			buildActionMask = 2147483647;
			files = (
				0A1AB1F9226D2724006C17E8 /* pang.cpp in Sources */,
			);
			runOnlyForDeploymentPostprocessing = 0;
		};
/* End PBXSourcesBuildPhase section */

/* Begin XCBuildConfiguration section */
		0A1AB1FA226D2724006C17E8 /* Debug */ = {
			isa = XCBuildConfiguration;
			buildSettings = {
				ALWAYS_SEARCH_USER_PATHS = NO;
				CLANG_ANALYZER_NONNULL = YES;
				CLANG_ANALYZER_NUMBER_OBJECT_CONVERSION = YES_AGGRESSIVE;
				CLANG_CXX_LANGUAGE_STANDARD = "gnu++14";
				CLANG_CXX_LIBRARY = "libc++";
				CLANG_ENABLE_MODULES = YES;
				CLANG_ENABLE_OBJC_ARC = YES;
				CLANG_ENABLE_OBJC_WEAK = YES;
				CLANG_WARN_BLOCK_CAPTURE_AUTORELEASING = YES;
				CLANG_WARN_BOOL_CONVERSION = YES;
				CLANG_WARN_COMMA = YES;
				CLANG_WARN_CONSTANT_CONVERSION = YES;
				CLANG_WARN_DEPRECATED_OBJC_IMPLEMENTATIONS = YES;
				CLANG_WARN_DIRECT_OBJC_ISA_USAGE = YES_ERROR;
				CLANG_WARN_DOCUMENTATION_COMMENTS = YES;
				CLANG_WARN_EMPTY_BODY = YES;
				CLANG_WARN_ENUM_CONVERSION = YES;
				CLANG_WARN_INFINITE_RECURSION = YES;
				CLANG_WARN_INT_CONVERSION = YES;
				CLANG_WARN_NON_LITERAL_NULL_CONVERSION = YES;
				CLANG_WARN_OBJC_IMPLICIT_RETAIN_SELF = YES;
				CLANG_WARN_OBJC_LITERAL_CONVERSION = YES;
				CLANG_WARN_OBJC_ROOT_CLASS = YES_ERROR;
				CLANG_WARN_RANGE_LOOP_ANALYSIS = YES;
				CLANG_WARN_STRICT_PROTOTYPES = YES;
				CLANG_WARN_SUSPICIOUS_MOVE = YES;
				CLANG_WARN_UNGUARDED_AVAILABILITY = YES_AGGRESSIVE;
				CLANG_WARN_UNREACHABLE_CODE = YES;
				CLANG_WARN__DUPLICATE_METHOD_MATCH = YES;
				CODE_SIGN_IDENTITY = "-";
				COPY_PHASE_STRIP = NO;
				DEBUG_INFORMATION_FORMAT = dwarf;
				ENABLE_STRICT_OBJC_MSGSEND = YES;
				ENABLE_TESTABILITY = YES;
				GCC_C_LANGUAGE_STANDARD = gnu11;
				GCC_DYNAMIC_NO_PIC = NO;
				GCC_NO_COMMON_BLOCKS = YES;
				GCC_OPTIMIZATION_LEVEL = 0;
				GCC_PREPROCESSOR_DEFINITIONS = (
					"DEBUG=1",
					"$(inherited)",
				);
				GCC_WARN_64_TO_32_BIT_CONVERSION = YES;
				GCC_WARN_ABOUT_RETURN_TYPE = YES_ERROR;
				GCC_WARN_UNDECLARED_SELECTOR = YES;
				GCC_WARN_UNINITIALIZED_AUTOS = YES_AGGRESSIVE;
				GCC_WARN_UNUSED_FUNCTION = YES;
				GCC_WARN_UNUSED_VARIABLE = YES;
				MACOSX_DEPLOYMENT_TARGET = 10.13;
				MTL_ENABLE_DEBUG_INFO = INCLUDE_SOURCE;
				MTL_FAST_MATH = YES;
				ONLY_ACTIVE_ARCH = YES;
				SDKROOT = macosx;
			};
			name = Debug;
		};
		0A1AB1FB226D2724006C17E8 /* Release */ = {
			isa = XCBuildConfiguration;
			buildSettings = {
				ALWAYS_SEARCH_USER_PATHS = NO;
				CLANG_ANALYZER_NONNULL = YES;
				CLANG_ANALYZER_NUMBER_OBJECT_CONVERSION = YES_AGGRESSIVE;
				CLANG_CXX_LANGUAGE_STANDARD = "gnu++14";
				CLANG_CXX_LIBRARY = "libc++";
				CLANG_ENABLE_MODULES = YES;
				CLANG_ENABLE_OBJC_ARC = YES;
				CLANG_ENABLE_OBJC_WEAK = YES;
				CLANG_WARN_BLOCK_CAPTURE_AUTORELEASING = YES;
				CLANG_WARN_BOOL_CONVERSION = YES;
				CLANG_WARN_COMMA = YES;
				CLANG_WARN_CONSTANT_CONVERSION = YES;
				CLANG_WARN_DEPRECATED_OBJC_IMPLEMENTATIONS = YES;
				CLANG_WARN_DIRECT_OBJC_ISA_USAGE = YES_ERROR;
				CLANG_WARN_DOCUMENTATION_COMMENTS = YES;
				CLANG_WARN_EMPTY_BODY = YES;
				CLANG_WARN_ENUM_CONVERSION = YES;
				CLANG_WARN_INFINITE_RECURSION = YES;
				CLANG_WARN_INT_CONVERSION = YES;
				CLANG_WARN_NON_LITERAL_NULL_CONVERSION = YES;
				CLANG_WARN_OBJC_IMPLICIT_RETAIN_SELF = YES;
				CLANG_WARN_OBJC_LITERAL_CONVERSION = YES;
				CLANG_WARN_OBJC_ROOT_CLASS = YES_ERROR;
				CLANG_WARN_RANGE_LOOP_ANALYSIS = YES;
				CLANG_WARN_STRICT_PROTOTYPES = YES;
				CLANG_WARN_SUSPICIOUS_MOVE = YES;
				CLANG_WARN_UNGUARDED_AVAILABILITY = YES_AGGRESSIVE;
				CLANG_WARN_UNREACHABLE_CODE = YES;
				CLANG_WARN__DUPLICATE_METHOD_MATCH = YES;
				CODE_SIGN_IDENTITY = "-";
				COPY_PHASE_STRIP = NO;
				DEBUG_INFORMATION_FORMAT = "dwarf-with-dsym";
				ENABLE_NS_ASSERTIONS = NO;
				ENABLE_STRICT_OBJC_MSGSEND = YES;
				GCC_C_LANGUAGE_STANDARD = gnu11;
				GCC_NO_COMMON_BLOCKS = YES;
				GCC_WARN_64_TO_32_BIT_CONVERSION = YES;
				GCC_WARN_ABOUT_RETURN_TYPE = YES_ERROR;
				GCC_WARN_UNDECLARED_SELECTOR = YES;
				GCC_WARN_UNINITIALIZED_AUTOS = YES_AGGRESSIVE;
				GCC_WARN_UNUSED_FUNCTION = YES;
				GCC_WARN_UNUSED_VARIABLE = YES;
				MACOSX_DEPLOYMENT_TARGET = 10.13;
				MTL_ENABLE_DEBUG_INFO = NO;
				MTL_FAST_MATH = YES;
				SDKROOT = macosx;
			};
			name = Release;
		};
		0A1AB1FD226D2724006C17E8 /* Debug */ = {
			isa = XCBuildConfiguration;
			buildSettings = {
				CODE_SIGN_STYLE = Automatic;
				HEADER_SEARCH_PATHS = "${SRCROOT}/ExternalLibraries/SFML/include";
				LIBRARY_SEARCH_PATHS = (
					"$(inherited)",
					"$(PROJECT_DIR)/ExternalLibraries/SFML/lib",
				);
				PRODUCT_NAME = "$(TARGET_NAME)";
			};
			name = Debug;
		};
		0A1AB1FE226D2724006C17E8 /* Release */ = {
			isa = XCBuildConfiguration;
			buildSettings = {
				CODE_SIGN_STYLE = Automatic;
				HEADER_SEARCH_PATHS = "${SRCROOT}/ExternalLibraries/SFML/include";
				LIBRARY_SEARCH_PATHS = (
					"$(inherited)",
					"$(PROJECT_DIR)/ExternalLibraries/SFML/lib",
				);
				PRODUCT_NAME = "$(TARGET_NAME)";
			};
			name = Release;
		};
/* End XCBuildConfiguration section */

/* Begin XCConfigurationList section */
		0A1AB1F0226D2724006C17E8 /* Build configuration list for PBXProject "Timber" */ = {
			isa = XCConfigurationList;
			buildConfigurations = (
				0A1AB1FA226D2724006C17E8 /* Debug */,
				0A1AB1FB226D2724006C17E8 /* Release */,
			);
			defaultConfigurationIsVisible = 0;
			defaultConfigurationName = Release;
		};
		0A1AB1FC226D2724006C17E8 /* Build configuration list for PBXNativeTarget "Timber" */ = {
			isa = XCConfigurationList;
			buildConfigurations = (
				0A1AB1FD226D2724006C17E8 /* Debug */,
				0A1AB1FE226D2724006C17E8 /* Release */,
			);
			defaultConfigurationIsVisible = 0;
			defaultConfigurationName = Release;
		};
/* End XCConfigurationList section */
	};
	rootObject = 0A1AB1ED226D2724006C17E8 /* Project object */;
}
